
Microsoft Visual Studio Solution File, Format Version 12.00
Project("{FAE04EC0-301F-11D3-BF4B-00C04F79EFBC}") = "DependencyInjection.WeatherSite", "DependencyInjection.WeatherSite\DependencyInjection.WeatherSite.csproj", "{9F259E7C-DFA3-4336-93F4-90453DEBC0B1}"
EndProject
Project("{FAE04EC0-301F-11D3-BF4B-00C04F79EFBC}") = "DependencyInjection.Infrastructure", "DependencyInjection.Infrastructure\DependencyInjection.Infrastructure.csproj", "{0347B383-C710-4ADD-AC92-B02110687387}"
EndProject
Project("{FAE04EC0-301F-11D3-BF4B-00C04F79EFBC}") = "DependencyInjection.Application", "DependencyInjection.Application\DependencyInjection.Application.csproj", "{AD543FB9-6E90-46F9-9FAE-6AA7CDC0C84C}"
EndProject
Global
	GlobalSection(SolutionConfigurationPlatforms) = preSolution
		Debug|Any CPU = Debug|Any CPU
		Release|Any CPU = Release|Any CPU
	EndGlobalSection
	GlobalSection(ProjectConfigurationPlatforms) = postSolution
		{9F259E7C-DFA3-4336-93F4-90453DEBC0B1}.Debug|Any CPU.ActiveCfg = Debug|Any CPU
		{9F259E7C-DFA3-4336-93F4-90453DEBC0B1}.Debug|Any CPU.Build.0 = Debug|Any CPU
		{9F259E7C-DFA3-4336-93F4-90453DEBC0B1}.Release|Any CPU.ActiveCfg = Release|Any CPU
		{9F259E7C-DFA3-4336-93F4-90453DEBC0B1}.Release|Any CPU.Build.0 = Release|Any CPU
		{0347B383-C710-4ADD-AC92-B02110687387}.Debug|Any CPU.ActiveCfg = Debug|Any CPU
		{0347B383-C710-4ADD-AC92-B02110687387}.Debug|Any CPU.Build.0 = Debug|Any CPU
		{0347B383-C710-4ADD-AC92-B02110687387}.Release|Any CPU.ActiveCfg = Release|Any CPU
		{0347B383-C710-4ADD-AC92-B02110687387}.Release|Any CPU.Build.0 = Release|Any CPU
		{AD543FB9-6E90-46F9-9FAE-6AA7CDC0C84C}.Debug|Any CPU.ActiveCfg = Debug|Any CPU
		{AD543FB9-6E90-46F9-9FAE-6AA7CDC0C84C}.Debug|Any CPU.Build.0 = Debug|Any CPU
		{AD543FB9-6E90-46F9-9FAE-6AA7CDC0C84C}.Release|Any CPU.ActiveCfg = Release|Any CPU
		{AD543FB9-6E90-46F9-9FAE-6AA7CDC0C84C}.Release|Any CPU.Build.0 = Release|Any CPU
	EndGlobalSection
EndGlobal
